
Microsoft Visual Studio Solution File, Format Version 12.00
# Visual Studio Version 17
VisualStudioVersion = 17.8.34309.116
MinimumVisualStudioVersion = 10.0.40219.1
Project("{FAE04EC0-301F-11D3-BF4B-00C04F79EFBC}") = "DbProject", "DbProject.csproj", "{71690E46-04E6-48C3-9766-64C7E5FF3E73}"
EndProject
Global
	GlobalSection(SolutionConfigurationPlatforms) = preSolution
		Debug|Any CPU = Debug|Any CPU
		Release|Any CPU = Release|Any CPU
	EndGlobalSection
	GlobalSection(ProjectConfigurationPlatforms) = postSolution
		{71690E46-04E6-48C3-9766-64C7E5FF3E73}.Debug|Any CPU.ActiveCfg = Debug|Any CPU
		{71690E46-04E6-48C3-9766-64C7E5FF3E73}.Debug|Any CPU.Build.0 = Debug|Any CPU
		{71690E46-04E6-48C3-9766-64C7E5FF3E73}.Release|Any CPU.ActiveCfg = Release|Any CPU
		{71690E46-04E6-48C3-9766-64C7E5FF3E73}.Release|Any CPU.Build.0 = Release|Any CPU
	EndGlobalSection
	GlobalSection(SolutionProperties) = preSolution
		HideSolutionNode = FALSE
	EndGlobalSection
	GlobalSection(ExtensibilityGlobals) = postSolution
		SolutionGuid = {48E553C2-EACE-408D-8B2C-FC3EC8F791B3}
	EndGlobalSection
EndGlobal
